
Microsoft Visual Studio Solution File, Format Version 12.00
Project("{FAE04EC0-301F-11D3-BF4B-00C04F79EFBC}") = "highLowAverage", "highLowAverage.csproj", "{3A06C2B7-7043-484B-88D9-A65D3E56D167}"
EndProject
Global
	GlobalSection(SolutionConfigurationPlatforms) = preSolution
		Debug|Any CPU = Debug|Any CPU
		Release|Any CPU = Release|Any CPU
	EndGlobalSection
	GlobalSection(ProjectConfigurationPlatforms) = postSolution
		{3A06C2B7-7043-484B-88D9-A65D3E56D167}.Debug|Any CPU.ActiveCfg = Debug|Any CPU
		{3A06C2B7-7043-484B-88D9-A65D3E56D167}.Debug|Any CPU.Build.0 = Debug|Any CPU
		{3A06C2B7-7043-484B-88D9-A65D3E56D167}.Release|Any CPU.ActiveCfg = Release|Any CPU
		{3A06C2B7-7043-484B-88D9-A65D3E56D167}.Release|Any CPU.Build.0 = Release|Any CPU
	EndGlobalSection
EndGlobal
