
Microsoft Visual Studio Solution File, Format Version 12.00
Project("{FAE04EC0-301F-11D3-BF4B-00C04F79EFBC}") = "AboutMe", "AboutMe.csproj", "{86A3CB91-86CC-4583-A188-DAB5A0BBC29E}"
EndProject
Global
	GlobalSection(SolutionConfigurationPlatforms) = preSolution
		Debug|Any CPU = Debug|Any CPU
		Release|Any CPU = Release|Any CPU
	EndGlobalSection
	GlobalSection(ProjectConfigurationPlatforms) = postSolution
		{86A3CB91-86CC-4583-A188-DAB5A0BBC29E}.Debug|Any CPU.ActiveCfg = Debug|Any CPU
		{86A3CB91-86CC-4583-A188-DAB5A0BBC29E}.Debug|Any CPU.Build.0 = Debug|Any CPU
		{86A3CB91-86CC-4583-A188-DAB5A0BBC29E}.Release|Any CPU.ActiveCfg = Release|Any CPU
		{86A3CB91-86CC-4583-A188-DAB5A0BBC29E}.Release|Any CPU.Build.0 = Release|Any CPU
	EndGlobalSection
EndGlobal
