
Microsoft Visual Studio Solution File, Format Version 12.00
Project("{FAE04EC0-301F-11D3-BF4B-00C04F79EFBC}") = "PromptMethods", "PromptMethods.csproj", "{F5ECDC4A-24C7-4A08-9A82-AF79B05BB771}"
EndProject
Global
	GlobalSection(SolutionConfigurationPlatforms) = preSolution
		Debug|Any CPU = Debug|Any CPU
		Release|Any CPU = Release|Any CPU
	EndGlobalSection
	GlobalSection(ProjectConfigurationPlatforms) = postSolution
		{F5ECDC4A-24C7-4A08-9A82-AF79B05BB771}.Debug|Any CPU.ActiveCfg = Debug|Any CPU
		{F5ECDC4A-24C7-4A08-9A82-AF79B05BB771}.Debug|Any CPU.Build.0 = Debug|Any CPU
		{F5ECDC4A-24C7-4A08-9A82-AF79B05BB771}.Release|Any CPU.ActiveCfg = Release|Any CPU
		{F5ECDC4A-24C7-4A08-9A82-AF79B05BB771}.Release|Any CPU.Build.0 = Release|Any CPU
	EndGlobalSection
EndGlobal
